<?xml version="1.0" encoding="utf-8"?>
<Project ToolsVersion="4.0" xmlns="http://schemas.microsoft.com/developer/msbuild/2003">
  <ItemGroup>
    <Filter Include="Source Files">
      <UniqueIdentifier>{4FC737F1-C7A5-4376-A066-2A32D752A2FF}</UniqueIdentifier>
      <Extensions>cpp;c;cc;cxx;c++;cppm;ixx;def;odl;idl;hpj;bat;asm;asmx</Extensions>
    </Filter>
    <Filter Include="Header Files">
      <UniqueIdentifier>{93995380-89BD-4b04-88EB-625FBE52EBFB}</UniqueIdentifier>
      <Extensions>h;hh;hpp;hxx;h++;hm;inl;inc;ipp;xsd</Extensions>
    </Filter>
    <Filter Include="Resource Files">
      <UniqueIdentifier>{67DA6AB6-F800-4c08-8B7A-83BB121AAD01}</UniqueIdentifier>
      <Extensions>rc;ico;cur;bmp;dlg;rc2;rct;bin;rgs;gif;jpg;jpeg;jpe;resx;tiff;tif;png;wav;mfcribbon-ms</Extensions>
    </Filter>
  </ItemGroup>
  <ItemGroup>
    <ClInclude Include="13.1RectangleType.h">
      <Filter>Header Files</Filter>
    </ClInclude>
    <ClInclude Include="13.7ComplexType.h">
      <Filter>Header Files</Filter>
    </ClInclude>
    <ClInclude Include="14.2CalculatorType.h">
      <Filter>Header Files</Filter>
    </ClInclude>
    <ClInclude Include="14.2DivisionByZero.h">
      <Filter>Header Files</Filter>
    </ClInclude>
    <ClInclude Include="14.4ClockType.h">
      <Filter>Header Files</Filter>
    </ClInclude>
    <ClInclude Include="14.4InvalidHr.h">
      <Filter>Header Files</Filter>
    </ClInclude>
    <ClInclude Include="14.4InvalidMin.h">
      <Filter>Header Files</Filter>
    </ClInclude>
    <ClInclude Include="14.4InvalidSec.h">
      <Filter>Header Files</Filter>
    </ClInclude>
    <ClInclude Include="16.12doublyLinkedList.h">
      <Filter>Header Files</Filter>
    </ClInclude>
    <ClInclude Include="17.1stackADT.h">
      <Filter>Header Files</Filter>
    </ClInclude>
    <ClInclude Include="17.1myStack.h">
      <Filter>Header Files</Filter>
    </ClInclude>
    <ClInclude Include="17.2linkedStack.h">
      <Filter>Header Files</Filter>
    </ClInclude>
    <ClInclude Include="17.3myStack.h">
      <Filter>Header Files</Filter>
    </ClInclude>
    <ClInclude Include="17.4linkedStack.h">
      <Filter>Header Files</Filter>
    </ClInclude>
    <ClInclude Include="18.3searchSortAlgorithems.h">
      <Filter>Header Files</Filter>
    </ClInclude>
    <ClInclude Include="19.1binaryTree.h">
      <Filter>Header Files</Filter>
    </ClInclude>
    <ClInclude Include="19.1binarySearchTree.h">
      <Filter>Header Files</Filter>
    </ClInclude>
    <ClInclude Include="21.1candidateType.h">
      <Filter>Header Files</Filter>
    </ClInclude>
    <ClInclude Include="21.1personType.h">
      <Filter>Header Files</Filter>
    </ClInclude>
    <ClInclude Include="21.2videoType.h">
      <Filter>Header Files</Filter>
    </ClInclude>
    <ClInclude Include="21.3customer.h">
      <Filter>Header Files</Filter>
    </ClInclude>
    <ClInclude Include="21.3personType.h">
      <Filter>Header Files</Filter>
    </ClInclude>
    <ClInclude Include="21.3customerListType.h">
      <Filter>Header Files</Filter>
    </ClInclude>
    <ClInclude Include="20graphType.h">
      <Filter>Header Files</Filter>
    </ClInclude>
    <ClInclude Include="20linkedList.h">
      <Filter>Header Files</Filter>
    </ClInclude>
    <ClInclude Include="20unorderedLinkedList.h">
      <Filter>Header Files</Filter>
    </ClInclude>
    <ClInclude Include="20linkedQueue.h">
      <Filter>Header Files</Filter>
    </ClInclude>
    <ClInclude Include="20queueADT.h">
      <Filter>Header Files</Filter>
    </ClInclude>
    <ClInclude Include="20weightedGraph.h">
      <Filter>Header Files</Filter>
    </ClInclude>
  </ItemGroup>
  <ItemGroup>
    <ClCompile Include="main.cpp">
      <Filter>Source Files</Filter>
    </ClCompile>
    <ClCompile Include="13.1rectangleImp.cpp">
      <Filter>Source Files</Filter>
    </ClCompile>
    <ClCompile Include="13.2rectangleImpfriends.cpp">
      <Filter>Source Files</Filter>
    </ClCompile>
    <ClCompile Include="13.2RectangleType2.h">
      <Filter>Header Files</Filter>
    </ClCompile>
    <ClCompile Include="13.7complexImp.cpp">
      <Filter>Source Files</Filter>
    </ClCompile>
    <ClCompile Include="14.1feetMeterConverterImp.cpp">
      <Filter>Source Files</Filter>
    </ClCompile>
    <ClCompile Include="14.2calculatorImp.cpp">
      <Filter>Source Files</Filter>
    </ClCompile>
    <ClCompile Include="14.4clocktypeImp.cpp">
      <Filter>Source Files</Filter>
    </ClCompile>
    <ClCompile Include="15.2starPatternImp.cpp">
      <Filter>Source Files</Filter>
    </ClCompile>
    <ClCompile Include="15.6Palindrome.cpp">
      <Filter>Source Files</Filter>
    </ClCompile>
    <ClCompile Include="15.9reverseDigits.cpp">
      <Filter>Source Files</Filter>
    </ClCompile>
    <ClCompile Include="16.12doublyLinkedList.cpp">
      <Filter>Source Files</Filter>
    </ClCompile>
    <ClCompile Include="16.13circularLinkedList.h">
      <Filter>Header Files</Filter>
    </ClCompile>
    <ClCompile Include="16.13circularLinkedList.cpp">
      <Filter>Source Files</Filter>
    </ClCompile>
    <ClCompile Include="17.1stack.cpp">
      <Filter>Source Files</Filter>
    </ClCompile>
    <ClCompile Include="17.2linkedStack.cpp">
      <Filter>Source Files</Filter>
    </ClCompile>
    <ClCompile Include="17.3reverseLinkedList.cpp">
      <Filter>Source Files</Filter>
    </ClCompile>
    <ClCompile Include="17.4reverseLinkedStack.cpp">
      <Filter>Source Files</Filter>
    </ClCompile>
    <ClCompile Include="18.3searchSortAlogrithms.cpp">
      <Filter>Source Files</Filter>
    </ClCompile>
    <ClCompile Include="18.5modBubblesort.cpp">
      <Filter>Source Files</Filter>
    </ClCompile>
    <ClCompile Include="18.8insertSort.cpp">
      <Filter>Source Files</Filter>
    </ClCompile>
    <ClCompile Include="19.1nodeCount.cpp">
      <Filter>Source Files</Filter>
    </ClCompile>
    <ClCompile Include="19.2leavesCount.cpp">
      <Filter>Source Files</Filter>
    </ClCompile>
    <ClCompile Include="19.3swapSubTree.cpp">
      <Filter>Source Files</Filter>
    </ClCompile>
    <ClCompile Include="19.4singleParent.cpp">
      <Filter>Source Files</Filter>
    </ClCompile>
    <ClCompile Include="21.1candidateTypeImp.cpp">
      <Filter>Source Files</Filter>
    </ClCompile>
    <ClCompile Include="21.1personTypeImp.cpp">
      <Filter>Source Files</Filter>
    </ClCompile>
    <ClCompile Include="21.2videoLinkedListType.h">
      <Filter>Header Files</Filter>
    </ClCompile>
    <ClCompile Include="21.2videoTypeImp.cpp">
      <Filter>Source Files</Filter>
    </ClCompile>
    <ClCompile Include="21.2videoLinkedListTypeImp.cpp">
      <Filter>Source Files</Filter>
    </ClCompile>
    <ClCompile Include="customerImp.cpp">
      <Filter>Source Files</Filter>
    </ClCompile>
    <ClCompile Include="21.3personTypeImp.cpp">
      <Filter>Source Files</Filter>
    </ClCompile>
    <ClCompile Include="customerListTypeImp.cpp">
      <Filter>Source Files</Filter>
    </ClCompile>
    <ClCompile Include="21.4dvdStore.cpp">
      <Filter>Source Files</Filter>
    </ClCompile>
    <ClCompile Include="20.1graphs.cpp">
      <Filter>Source Files</Filter>
    </ClCompile>
  </ItemGroup>
  <ItemGroup>
    <Text Include="candData.txt" />
    <Text Include="voteData.txt" />
    <Text Include="videoDat.txt" />
    <Text Include="custDat.txt" />
    <Text Include="Ch20_Ex1Data.txt" />
    <Text Include="Ch20_Ex13Data.txt" />
    <Text Include="Ch20_Ex2Data.txt" />
    <Text Include="Ch20_Ex14Data.txt" />
    <Text Include="Ch20_Ex3Data.txt" />
    <Text Include="dataSet2.txt" />
  </ItemGroup>
</Project>